
Microsoft Visual Studio Solution File, Format Version 12.00
# Visual Studio Version 17
VisualStudioVersion = 17.5.002.0
MinimumVisualStudioVersion = 10.0.40219.1
Project("{9A19103F-16F7-4668-BE54-9A1E7A4F7556}") = "BlazorWasm", "BlazorWasm.csproj", "{205757E1-468A-49CA-8F1B-B8CD425974BF}"
EndProject
Global
	GlobalSection(SolutionConfigurationPlatforms) = preSolution
		Debug|Any CPU = Debug|Any CPU
		Release|Any CPU = Release|Any CPU
	EndGlobalSection
	GlobalSection(ProjectConfigurationPlatforms) = postSolution
		{205757E1-468A-49CA-8F1B-B8CD425974BF}.Debug|Any CPU.ActiveCfg = Debug|Any CPU
		{205757E1-468A-49CA-8F1B-B8CD425974BF}.Debug|Any CPU.Build.0 = Debug|Any CPU
		{205757E1-468A-49CA-8F1B-B8CD425974BF}.Release|Any CPU.ActiveCfg = Release|Any CPU
		{205757E1-468A-49CA-8F1B-B8CD425974BF}.Release|Any CPU.Build.0 = Release|Any CPU
	EndGlobalSection
	GlobalSection(SolutionProperties) = preSolution
		HideSolutionNode = FALSE
	EndGlobalSection
	GlobalSection(ExtensibilityGlobals) = postSolution
		SolutionGuid = {055F3748-8E76-4A7E-B129-C2CE1FE4542A}
	EndGlobalSection
EndGlobal
